
Microsoft Visual Studio Solution File, Format Version 12.00
# Visual Studio Version 16
VisualStudioVersion = 16.0.31613.86
MinimumVisualStudioVersion = 10.0.40219.1
Project("{FAE04EC0-301F-11D3-BF4B-00C04F79EFBC}") = "GameForLabPWP", "GameForLabPWP\GameForLabPWP.csproj", "{20DB7AE6-84B9-4A0F-BD93-BDA945F33F7F}"
EndProject
Global
	GlobalSection(SolutionConfigurationPlatforms) = preSolution
		Debug|Any CPU = Debug|Any CPU
		Release|Any CPU = Release|Any CPU
	EndGlobalSection
	GlobalSection(ProjectConfigurationPlatforms) = postSolution
		{20DB7AE6-84B9-4A0F-BD93-BDA945F33F7F}.Debug|Any CPU.ActiveCfg = Debug|Any CPU
		{20DB7AE6-84B9-4A0F-BD93-BDA945F33F7F}.Debug|Any CPU.Build.0 = Debug|Any CPU
		{20DB7AE6-84B9-4A0F-BD93-BDA945F33F7F}.Release|Any CPU.ActiveCfg = Release|Any CPU
		{20DB7AE6-84B9-4A0F-BD93-BDA945F33F7F}.Release|Any CPU.Build.0 = Release|Any CPU
	EndGlobalSection
	GlobalSection(SolutionProperties) = preSolution
		HideSolutionNode = FALSE
	EndGlobalSection
	GlobalSection(ExtensibilityGlobals) = postSolution
		SolutionGuid = {5D47D107-FED3-42DC-8CE4-1F34E80E86F5}
	EndGlobalSection
EndGlobal
